
Microsoft Visual Studio Solution File, Format Version 12.00
# Visual Studio Version 17
VisualStudioVersion = 17.11.35208.52
MinimumVisualStudioVersion = 10.0.40219.1
Project("{FAE04EC0-301F-11D3-BF4B-00C04F79EFBC}") = "Examen_JorenVanCalster", "Examen_JorenVanCalster.csproj", "{29C3AC6D-F9E4-43E5-961B-FA8F5837636D}"
EndProject
Global
	GlobalSection(SolutionConfigurationPlatforms) = preSolution
		Debug|Any CPU = Debug|Any CPU
		Release|Any CPU = Release|Any CPU
	EndGlobalSection
	GlobalSection(ProjectConfigurationPlatforms) = postSolution
		{29C3AC6D-F9E4-43E5-961B-FA8F5837636D}.Debug|Any CPU.ActiveCfg = Debug|Any CPU
		{29C3AC6D-F9E4-43E5-961B-FA8F5837636D}.Debug|Any CPU.Build.0 = Debug|Any CPU
		{29C3AC6D-F9E4-43E5-961B-FA8F5837636D}.Release|Any CPU.ActiveCfg = Release|Any CPU
		{29C3AC6D-F9E4-43E5-961B-FA8F5837636D}.Release|Any CPU.Build.0 = Release|Any CPU
	EndGlobalSection
	GlobalSection(SolutionProperties) = preSolution
		HideSolutionNode = FALSE
	EndGlobalSection
	GlobalSection(ExtensibilityGlobals) = postSolution
		SolutionGuid = {C081EEB3-4683-4EB4-8FA2-AAA0563E5501}
	EndGlobalSection
EndGlobal
